
Microsoft Visual Studio Solution File, Format Version 12.00
# Visual Studio Version 16
VisualStudioVersion = 16.0.30523.141
MinimumVisualStudioVersion = 10.0.40219.1
Project("{9A19103F-16F7-4668-BE54-9A1E7A4F7556}") = "CDN", "CDN\CDN.csproj", "{B0F37A40-5B41-40D5-B4B4-4959D980084D}"
EndProject
Project("{9A19103F-16F7-4668-BE54-9A1E7A4F7556}") = "CDN.BLL", "CDN.BLL\CDN.BLL.csproj", "{6371C063-B181-45F6-9882-BFD9AB73DEC1}"
EndProject
Project("{9A19103F-16F7-4668-BE54-9A1E7A4F7556}") = "CDN.BOD", "CDN.BOD\CDN.BOD.csproj", "{9F0EAA81-0B16-4378-A6D2-96F070A09411}"
EndProject
Project("{FAE04EC0-301F-11D3-BF4B-00C04F79EFBC}") = "CDN.GRPC", "CDN.GRPC\CDN.GRPC.csproj", "{25F8D6D2-A2BA-4268-A01E-74D855441E16}"
EndProject
Global
	GlobalSection(SolutionConfigurationPlatforms) = preSolution
		Debug|Any CPU = Debug|Any CPU
		Release|Any CPU = Release|Any CPU
	EndGlobalSection
	GlobalSection(ProjectConfigurationPlatforms) = postSolution
		{B0F37A40-5B41-40D5-B4B4-4959D980084D}.Debug|Any CPU.ActiveCfg = Debug|Any CPU
		{B0F37A40-5B41-40D5-B4B4-4959D980084D}.Debug|Any CPU.Build.0 = Debug|Any CPU
		{B0F37A40-5B41-40D5-B4B4-4959D980084D}.Release|Any CPU.ActiveCfg = Release|Any CPU
		{B0F37A40-5B41-40D5-B4B4-4959D980084D}.Release|Any CPU.Build.0 = Release|Any CPU
		{6371C063-B181-45F6-9882-BFD9AB73DEC1}.Debug|Any CPU.ActiveCfg = Debug|Any CPU
		{6371C063-B181-45F6-9882-BFD9AB73DEC1}.Debug|Any CPU.Build.0 = Debug|Any CPU
		{6371C063-B181-45F6-9882-BFD9AB73DEC1}.Release|Any CPU.ActiveCfg = Release|Any CPU
		{6371C063-B181-45F6-9882-BFD9AB73DEC1}.Release|Any CPU.Build.0 = Release|Any CPU
		{9F0EAA81-0B16-4378-A6D2-96F070A09411}.Debug|Any CPU.ActiveCfg = Debug|Any CPU
		{9F0EAA81-0B16-4378-A6D2-96F070A09411}.Debug|Any CPU.Build.0 = Debug|Any CPU
		{9F0EAA81-0B16-4378-A6D2-96F070A09411}.Release|Any CPU.ActiveCfg = Release|Any CPU
		{9F0EAA81-0B16-4378-A6D2-96F070A09411}.Release|Any CPU.Build.0 = Release|Any CPU
		{25F8D6D2-A2BA-4268-A01E-74D855441E16}.Debug|Any CPU.ActiveCfg = Debug|Any CPU
		{25F8D6D2-A2BA-4268-A01E-74D855441E16}.Debug|Any CPU.Build.0 = Debug|Any CPU
		{25F8D6D2-A2BA-4268-A01E-74D855441E16}.Release|Any CPU.ActiveCfg = Release|Any CPU
		{25F8D6D2-A2BA-4268-A01E-74D855441E16}.Release|Any CPU.Build.0 = Release|Any CPU
	EndGlobalSection
	GlobalSection(SolutionProperties) = preSolution
		HideSolutionNode = FALSE
	EndGlobalSection
	GlobalSection(ExtensibilityGlobals) = postSolution
		SolutionGuid = {83F1FB72-B149-4925-974E-0205C1A3EEED}
	EndGlobalSection
EndGlobal
